
Microsoft Visual Studio Solution File, Format Version 12.00
# Visual Studio 15
VisualStudioVersion = 15.0.27703.2018
MinimumVisualStudioVersion = 10.0.40219.1
Project("{FAE04EC0-301F-11D3-BF4B-00C04F79EFBC}") = "MyWeb", "MyWeb\MyWeb.csproj", "{75BB9FDE-1716-4DDA-BAD1-06C9C82052DF}"
EndProject
Global
	GlobalSection(SolutionConfigurationPlatforms) = preSolution
		Debug|Any CPU = Debug|Any CPU
		Release|Any CPU = Release|Any CPU
	EndGlobalSection
	GlobalSection(ProjectConfigurationPlatforms) = postSolution
		{75BB9FDE-1716-4DDA-BAD1-06C9C82052DF}.Debug|Any CPU.ActiveCfg = Debug|Any CPU
		{75BB9FDE-1716-4DDA-BAD1-06C9C82052DF}.Debug|Any CPU.Build.0 = Debug|Any CPU
		{75BB9FDE-1716-4DDA-BAD1-06C9C82052DF}.Release|Any CPU.ActiveCfg = Release|Any CPU
		{75BB9FDE-1716-4DDA-BAD1-06C9C82052DF}.Release|Any CPU.Build.0 = Release|Any CPU
	EndGlobalSection
	GlobalSection(SolutionProperties) = preSolution
		HideSolutionNode = FALSE
	EndGlobalSection
	GlobalSection(ExtensibilityGlobals) = postSolution
		SolutionGuid = {736FA4A3-7F94-4829-85C9-707BF9DBD405}
	EndGlobalSection
EndGlobal
